
Microsoft Visual Studio Solution File, Format Version 12.00
# Visual Studio Version 17
VisualStudioVersion = 17.10.35122.118
MinimumVisualStudioVersion = 10.0.40219.1
Project("{8BC9CEB8-8B4A-11D0-8D11-00A0C91BC942}") = "CrashTeamEditor", "CrashTeamEditor.vcxproj", "{C1B41C5F-F30B-4444-9A93-F44ECE033AD3}"
EndProject
Global
	GlobalSection(SolutionConfigurationPlatforms) = preSolution
		Debug|x64 = Debug|x64
		Debug|x86 = Debug|x86
		Release|x64 = Release|x64
		Release|x86 = Release|x86
	EndGlobalSection
	GlobalSection(ProjectConfigurationPlatforms) = postSolution
		{C1B41C5F-F30B-4444-9A93-F44ECE033AD3}.Debug|x64.ActiveCfg = Debug|x64
		{C1B41C5F-F30B-4444-9A93-F44ECE033AD3}.Debug|x64.Build.0 = Debug|x64
		{C1B41C5F-F30B-4444-9A93-F44ECE033AD3}.Debug|x86.ActiveCfg = Debug|Win32
		{C1B41C5F-F30B-4444-9A93-F44ECE033AD3}.Debug|x86.Build.0 = Debug|Win32
		{C1B41C5F-F30B-4444-9A93-F44ECE033AD3}.Release|x64.ActiveCfg = Release|x64
		{C1B41C5F-F30B-4444-9A93-F44ECE033AD3}.Release|x64.Build.0 = Release|x64
		{C1B41C5F-F30B-4444-9A93-F44ECE033AD3}.Release|x86.ActiveCfg = Release|Win32
		{C1B41C5F-F30B-4444-9A93-F44ECE033AD3}.Release|x86.Build.0 = Release|Win32
	EndGlobalSection
	GlobalSection(SolutionProperties) = preSolution
		HideSolutionNode = FALSE
	EndGlobalSection
	GlobalSection(ExtensibilityGlobals) = postSolution
		SolutionGuid = {39554064-BE7E-427C-9DEA-5A609BCF6EA1}
	EndGlobalSection
EndGlobal
