<?xml version="1.0" encoding="utf-8"?>
<Project ToolsVersion="4.0" xmlns="http://schemas.microsoft.com/developer/msbuild/2003">
  <ItemGroup>
    <Filter Include="Source Files">
      <UniqueIdentifier>{4FC737F1-C7A5-4376-A066-2A32D752A2FF}</UniqueIdentifier>
      <Extensions>cpp;c;cc;cxx;c++;cppm;ixx;def;odl;idl;hpj;bat;asm;asmx</Extensions>
    </Filter>
    <Filter Include="Header Files">
      <UniqueIdentifier>{93995380-89BD-4b04-88EB-625FBE52EBFB}</UniqueIdentifier>
      <Extensions>h;hh;hpp;hxx;h++;hm;inl;inc;ipp;xsd</Extensions>
    </Filter>
    <Filter Include="Resource Files">
      <UniqueIdentifier>{67DA6AB6-F800-4c08-8B7A-83BB121AAD01}</UniqueIdentifier>
      <Extensions>rc;ico;cur;bmp;dlg;rc2;rct;bin;rgs;gif;jpg;jpeg;jpe;resx;tiff;tif;png;wav;mfcribbon-ms</Extensions>
    </Filter>
    <Filter Include="ImGui">
      <UniqueIdentifier>{c7aa64f5-a74e-48a1-a46e-e0c02f739a57}</UniqueIdentifier>
    </Filter>
    <Filter Include="ImGui\backends">
      <UniqueIdentifier>{b7a06158-6473-477e-a6bc-a3c065d50c43}</UniqueIdentifier>
    </Filter>
    <Filter Include="ImGui\misc">
      <UniqueIdentifier>{1a256383-7b59-462e-aadd-c8fa568d13f4}</UniqueIdentifier>
    </Filter>
    <Filter Include="ManualThirdParty">
      <UniqueIdentifier>{5651c025-391d-4ca0-8741-6a37f669acac}</UniqueIdentifier>
    </Filter>
    <Filter Include="Renderer">
      <UniqueIdentifier>{5562c57f-03f2-4e3c-be8b-d85865b28026}</UniqueIdentifier>
    </Filter>
  </ItemGroup>
  <ItemGroup>
    <ClCompile Include="src\main.cpp">
      <Filter>Source Files</Filter>
    </ClCompile>
    <ClCompile Include="src\app.cpp">
      <Filter>Source Files</Filter>
    </ClCompile>
    <ClCompile Include="third_party\imgui\imgui.cpp">
      <Filter>ImGui</Filter>
    </ClCompile>
    <ClCompile Include="third_party\imgui\imgui_demo.cpp">
      <Filter>ImGui</Filter>
    </ClCompile>
    <ClCompile Include="third_party\imgui\imgui_draw.cpp">
      <Filter>ImGui</Filter>
    </ClCompile>
    <ClCompile Include="third_party\imgui\imgui_tables.cpp">
      <Filter>ImGui</Filter>
    </ClCompile>
    <ClCompile Include="third_party\imgui\imgui_widgets.cpp">
      <Filter>ImGui</Filter>
    </ClCompile>
    <ClCompile Include="third_party\imgui\misc\cpp\imgui_stdlib.cpp">
      <Filter>ImGui\misc</Filter>
    </ClCompile>
    <ClCompile Include="third_party\imgui\backends\imgui_impl_opengl3.cpp">
      <Filter>ImGui\backends</Filter>
    </ClCompile>
    <ClCompile Include="src\ui.cpp">
      <Filter>Source Files</Filter>
    </ClCompile>
    <ClCompile Include="src\level.cpp">
      <Filter>Source Files</Filter>
    </ClCompile>
    <ClCompile Include="src\quadblock.cpp">
      <Filter>Source Files</Filter>
    </ClCompile>
    <ClCompile Include="src\vertex.cpp">
      <Filter>Source Files</Filter>
    </ClCompile>
    <ClCompile Include="src\checkpoint.cpp">
      <Filter>Source Files</Filter>
    </ClCompile>
    <ClCompile Include="src\bsp.cpp">
      <Filter>Source Files</Filter>
    </ClCompile>
    <ClCompile Include="src\levelui.cpp">
      <Filter>Source Files</Filter>
    </ClCompile>
    <ClCompile Include="src\minimap.cpp">
      <Filter>Source Files</Filter>
    </ClCompile>
    <ClCompile Include="src\script.cpp">
      <Filter>Source Files</Filter>
    </ClCompile>
    <ClCompile Include="src\path.cpp">
      <Filter>Source Files</Filter>
    </ClCompile>
    <ClCompile Include="src\geo.cpp">
      <Filter>Source Files</Filter>
    </ClCompile>
    <ClCompile Include="src\utils.cpp">
      <Filter>Source Files</Filter>
    </ClCompile>
    <ClCompile Include="src\material.cpp">
      <Filter>Source Files</Filter>
    </ClCompile>
    <ClCompile Include="src\manual_third_party\glad.h">
      <Filter>ManualThirdParty</Filter>
    </ClCompile>
    <ClCompile Include="src\manual_third_party\khrplatform.h">
      <Filter>ManualThirdParty</Filter>
    </ClCompile>
    <ClCompile Include="src\manual_third_party\glad.c">
      <Filter>ManualThirdParty</Filter>
    </ClCompile>
    <ClCompile Include="src\shader.cpp">
      <Filter>Renderer</Filter>
    </ClCompile>
    <ClCompile Include="src\camera.cpp">
      <Filter>Renderer</Filter>
    </ClCompile>
    <ClCompile Include="src\renderer.cpp">
      <Filter>Renderer</Filter>
    </ClCompile>
    <ClCompile Include="third_party\imgui\backends\imgui_impl_glfw.cpp">
      <Filter>ImGui\backends</Filter>
    </ClCompile>
    <ClCompile Include="src\model.cpp">
      <Filter>Renderer</Filter>
    </ClCompile>
    <ClCompile Include="src\mesh.cpp">
      <Filter>Renderer</Filter>
    </ClCompile>
    <ClCompile Include="src\gui_render_settings.cpp">
      <Filter>Renderer</Filter>
    </ClCompile>
    <ClCompile Include="src\shader_templates.cpp">
      <Filter>Renderer</Filter>
    </ClCompile>
    <ClCompile Include="src\io.cpp">
      <Filter>Source Files</Filter>
    </ClCompile>
    <ClCompile Include="src\process.cpp">
      <Filter>Source Files</Filter>
    </ClCompile>
    <ClCompile Include="src\texture.cpp">
      <Filter>Source Files</Filter>
    </ClCompile>
    <ClCompile Include="src\animtexture.cpp">
      <Filter>Source Files</Filter>
    </ClCompile>
    <ClCompile Include="src\vistree.cpp">
      <Filter>Source Files</Filter>
    </ClCompile>
    <ClCompile Include="python_bindings\cte_bindings.cpp">
      <Filter>Source Files</Filter>
    </ClCompile>
  </ItemGroup>
  <ItemGroup>
    <ClInclude Include="src\app.h">
      <Filter>Header Files</Filter>
    </ClInclude>
    <ClInclude Include="src\ui.h">
      <Filter>Header Files</Filter>
    </ClInclude>
    <ClInclude Include="src\level.h">
      <Filter>Header Files</Filter>
    </ClInclude>
    <ClInclude Include="src\script.h">
      <Filter>Header Files</Filter>
    </ClInclude>
    <ClInclude Include="src\io.h">
      <Filter>Header Files</Filter>
    </ClInclude>
    <ClInclude Include="src\psx_types.h">
      <Filter>Header Files</Filter>
    </ClInclude>
    <ClInclude Include="src\quadblock.h">
      <Filter>Header Files</Filter>
    </ClInclude>
    <ClInclude Include="src\vertex.h">
      <Filter>Header Files</Filter>
    </ClInclude>
    <ClInclude Include="src\checkpoint.h">
      <Filter>Header Files</Filter>
    </ClInclude>
    <ClInclude Include="src\lev.h">
      <Filter>Header Files</Filter>
    </ClInclude>
    <ClInclude Include="src\bsp.h">
      <Filter>Header Files</Filter>
    </ClInclude>
    <ClInclude Include="src\path.h">
      <Filter>Header Files</Filter>
    </ClInclude>
    <ClInclude Include="src\geo.h">
      <Filter>Header Files</Filter>
    </ClInclude>
    <ClInclude Include="src\utils.h">
      <Filter>Header Files</Filter>
    </ClInclude>
    <ClInclude Include="src\material.h">
      <Filter>Header Files</Filter>
    </ClInclude>
    <ClInclude Include="src\minimap.h">
      <Filter>Header Files</Filter>
    </ClInclude>
    <ClInclude Include="src\renderer.h">
      <Filter>Renderer</Filter>
    </ClInclude>
    <ClInclude Include="src\camera.h">
      <Filter>Renderer</Filter>
    </ClInclude>
    <ClInclude Include="src\shader.h">
      <Filter>Renderer</Filter>
    </ClInclude>
    <ClInclude Include="src\globalimguiglglfw.h">
      <Filter>Renderer</Filter>
    </ClInclude>
    <ClInclude Include="src\model.h">
      <Filter>Renderer</Filter>
    </ClInclude>
    <ClInclude Include="src\mesh.h">
      <Filter>Renderer</Filter>
    </ClInclude>
    <ClInclude Include="src\shader_templates.h">
      <Filter>Renderer</Filter>
    </ClInclude>
    <ClInclude Include="src\gui_render_settings.h">
      <Filter>Renderer</Filter>
    </ClInclude>
    <ClInclude Include="src\process.h">
      <Filter>Header Files</Filter>
    </ClInclude>
    <ClInclude Include="src\texture.h">
      <Filter>Header Files</Filter>
    </ClInclude>
    <ClInclude Include="src\animtexture.h">
      <Filter>Header Files</Filter>
    </ClInclude>
    <ClInclude Include="src\vistree.h">
      <Filter>Header Files</Filter>
    </ClInclude>
  </ItemGroup>
  <ItemGroup>
    <CustomBuild Include="$(SolutionDir)third_party\glfw" />
  </ItemGroup>
</Project>
